
Microsoft Visual Studio Solution File, Format Version 12.00
# Visual Studio Version 16
VisualStudioVersion = 16.0.31702.278
MinimumVisualStudioVersion = 10.0.40219.1
Project("{FAE04EC0-301F-11D3-BF4B-00C04F79EFBC}") = "WindowsFormsContainers", "WindowsFormsContainers\WindowsFormsContainers.csproj", "{D60E9280-529A-4A98-B89F-5E6C7936CAF1}"
EndProject
Global
	GlobalSection(SolutionConfigurationPlatforms) = preSolution
		Debug|Any CPU = Debug|Any CPU
		Release|Any CPU = Release|Any CPU
	EndGlobalSection
	GlobalSection(ProjectConfigurationPlatforms) = postSolution
		{D60E9280-529A-4A98-B89F-5E6C7936CAF1}.Debug|Any CPU.ActiveCfg = Debug|Any CPU
		{D60E9280-529A-4A98-B89F-5E6C7936CAF1}.Debug|Any CPU.Build.0 = Debug|Any CPU
		{D60E9280-529A-4A98-B89F-5E6C7936CAF1}.Release|Any CPU.ActiveCfg = Release|Any CPU
		{D60E9280-529A-4A98-B89F-5E6C7936CAF1}.Release|Any CPU.Build.0 = Release|Any CPU
	EndGlobalSection
	GlobalSection(SolutionProperties) = preSolution
		HideSolutionNode = FALSE
	EndGlobalSection
	GlobalSection(ExtensibilityGlobals) = postSolution
		SolutionGuid = {A5410C10-C586-4252-B333-5366D94B1893}
	EndGlobalSection
EndGlobal
